
Microsoft Visual Studio Solution File, Format Version 12.00
# Visual Studio Version 17
VisualStudioVersion = 17.4.33205.214
MinimumVisualStudioVersion = 10.0.40219.1
Project("{FAE04EC0-301F-11D3-BF4B-00C04F79EFBC}") = "FindMyPet", "FindMyPet.csproj", "{F5D2D1ED-9E27-4397-A77D-1E9279365AB4}"
EndProject
Global
	GlobalSection(SolutionConfigurationPlatforms) = preSolution
		Debug|Any CPU = Debug|Any CPU
		Release|Any CPU = Release|Any CPU
	EndGlobalSection
	GlobalSection(ProjectConfigurationPlatforms) = postSolution
		{F5D2D1ED-9E27-4397-A77D-1E9279365AB4}.Debug|Any CPU.ActiveCfg = Debug|Any CPU
		{F5D2D1ED-9E27-4397-A77D-1E9279365AB4}.Debug|Any CPU.Build.0 = Debug|Any CPU
		{F5D2D1ED-9E27-4397-A77D-1E9279365AB4}.Release|Any CPU.ActiveCfg = Release|Any CPU
		{F5D2D1ED-9E27-4397-A77D-1E9279365AB4}.Release|Any CPU.Build.0 = Release|Any CPU
	EndGlobalSection
	GlobalSection(SolutionProperties) = preSolution
		HideSolutionNode = FALSE
	EndGlobalSection
	GlobalSection(ExtensibilityGlobals) = postSolution
		SolutionGuid = {EE46E668-268A-4F33-BE61-2057A51B6550}
	EndGlobalSection
EndGlobal
